uuid: be3abeed-80a4-45bd-a2f8-806a2db3021a
langcode: fi
status: false
dependencies:
  module:
    - system
active_version: fcb839ff78e55a5f
versioned_properties:
  active:
    settings:
      default_settings:
        id: system_breadcrumb_block
        label: Murupolku
        label_display: '0'
        provider: system
    fallback_metadata:
      slot_definitions: null
  86a25cdac9ce0ae8:
    settings:
      default_settings:
        id: system_breadcrumb_block
        label: Breadcrumbs
        label_display: '0'
        provider: system
    fallback_metadata:
      slot_definitions: null
  fcb839ff78e55a5f:
    settings:
      default_settings:
        id: system_breadcrumb_block
        label: Murupolku
        label_display: '0'
        provider: system
    fallback_metadata:
      slot_definitions: null
label: Murupolku
id: block.system_breadcrumb_block
provider: system
source: block
source_local_id: system_breadcrumb_block
